
Microsoft Visual Studio Solution File, Format Version 12.00
# Visual Studio 15
VisualStudioVersion = 15.0.27703.2035
MinimumVisualStudioVersion = 10.0.40219.1
Project("{FAE04EC0-301F-11D3-BF4B-00C04F79EFBC}") = "DDAC_TP034903", "DDAC_TP034903\DDAC_TP034903.csproj", "{075BE844-2B65-4F44-9BD6-923239F34220}"
EndProject
Global
	GlobalSection(SolutionConfigurationPlatforms) = preSolution
		Debug|Any CPU = Debug|Any CPU
		Release|Any CPU = Release|Any CPU
	EndGlobalSection
	GlobalSection(ProjectConfigurationPlatforms) = postSolution
		{075BE844-2B65-4F44-9BD6-923239F34220}.Debug|Any CPU.ActiveCfg = Debug|Any CPU
		{075BE844-2B65-4F44-9BD6-923239F34220}.Debug|Any CPU.Build.0 = Debug|Any CPU
		{075BE844-2B65-4F44-9BD6-923239F34220}.Release|Any CPU.ActiveCfg = Release|Any CPU
		{075BE844-2B65-4F44-9BD6-923239F34220}.Release|Any CPU.Build.0 = Release|Any CPU
	EndGlobalSection
	GlobalSection(SolutionProperties) = preSolution
		HideSolutionNode = FALSE
	EndGlobalSection
	GlobalSection(ExtensibilityGlobals) = postSolution
		SolutionGuid = {B610BABC-A95F-4BA6-8D5A-EC69FAA15579}
	EndGlobalSection
EndGlobal
